
Microsoft Visual Studio Solution File, Format Version 12.00
# Visual Studio Version 17
VisualStudioVersion = 17.4.33122.133
MinimumVisualStudioVersion = 10.0.40219.1
Project("{FAE04EC0-301F-11D3-BF4B-00C04F79EFBC}") = "NumeroPrimo", "NumeroPrimo\NumeroPrimo.csproj", "{95EE0CE8-1006-478B-9757-E253F35ED3A4}"
EndProject
Global
	GlobalSection(SolutionConfigurationPlatforms) = preSolution
		Debug|Any CPU = Debug|Any CPU
		Release|Any CPU = Release|Any CPU
	EndGlobalSection
	GlobalSection(ProjectConfigurationPlatforms) = postSolution
		{95EE0CE8-1006-478B-9757-E253F35ED3A4}.Debug|Any CPU.ActiveCfg = Debug|Any CPU
		{95EE0CE8-1006-478B-9757-E253F35ED3A4}.Debug|Any CPU.Build.0 = Debug|Any CPU
		{95EE0CE8-1006-478B-9757-E253F35ED3A4}.Release|Any CPU.ActiveCfg = Release|Any CPU
		{95EE0CE8-1006-478B-9757-E253F35ED3A4}.Release|Any CPU.Build.0 = Release|Any CPU
	EndGlobalSection
	GlobalSection(SolutionProperties) = preSolution
		HideSolutionNode = FALSE
	EndGlobalSection
	GlobalSection(ExtensibilityGlobals) = postSolution
		SolutionGuid = {BC416DC1-A865-419C-BE58-C86BD32A67FD}
	EndGlobalSection
EndGlobal
