
Microsoft Visual Studio Solution File, Format Version 12.00
# Visual Studio Version 17
VisualStudioVersion = 17.4.33122.133
MinimumVisualStudioVersion = 10.0.40219.1
Project("{FAE04EC0-301F-11D3-BF4B-00C04F79EFBC}") = "3 num menor mayor", "3 num menor mayor\3 num menor mayor.csproj", "{3F347AD7-9255-490D-ABF1-39B9BEB63664}"
EndProject
Global
	GlobalSection(SolutionConfigurationPlatforms) = preSolution
		Debug|Any CPU = Debug|Any CPU
		Release|Any CPU = Release|Any CPU
	EndGlobalSection
	GlobalSection(ProjectConfigurationPlatforms) = postSolution
		{3F347AD7-9255-490D-ABF1-39B9BEB63664}.Debug|Any CPU.ActiveCfg = Debug|Any CPU
		{3F347AD7-9255-490D-ABF1-39B9BEB63664}.Debug|Any CPU.Build.0 = Debug|Any CPU
		{3F347AD7-9255-490D-ABF1-39B9BEB63664}.Release|Any CPU.ActiveCfg = Release|Any CPU
		{3F347AD7-9255-490D-ABF1-39B9BEB63664}.Release|Any CPU.Build.0 = Release|Any CPU
	EndGlobalSection
	GlobalSection(SolutionProperties) = preSolution
		HideSolutionNode = FALSE
	EndGlobalSection
	GlobalSection(ExtensibilityGlobals) = postSolution
		SolutionGuid = {C08F54E6-F996-4676-9B98-26669082CD66}
	EndGlobalSection
EndGlobal
